// !$*UTF8*$!
{
	archiveVersion = 1;
	classes = {
	};
	objectVersion = 77;
	objects = {

/* Begin PBXFileReference section */
		845DEE152F90EA94005DFE48 /* index.html */ = {isa = PBXFileReference; lastKnownFileType = text.html; path = index.html; sourceTree = "<group>"; };
		845DEE162F90EDA3005DFE48 /* BOTTOM.png */ = {isa = PBXFileReference; lastKnownFileType = image.png; path = BOTTOM.png; sourceTree = "<group>"; };
		845DEE172F90EDA3005DFE48 /* TOP.png */ = {isa = PBXFileReference; lastKnownFileType = image.png; path = TOP.png; sourceTree = "<group>"; };
/* End PBXFileReference section */

/* Begin PBXGroup section */
		845DEE0E2F90E9F4005DFE48 = {
			isa = PBXGroup;
			children = (
				845DEE152F90EA94005DFE48 /* index.html */,
				845DEE162F90EDA3005DFE48 /* BOTTOM.png */,
				845DEE172F90EDA3005DFE48 /* TOP.png */,
			);
			sourceTree = "<group>";
		};
/* End PBXGroup section */

/* Begin PBXProject section */
		845DEE0F2F90E9F4005DFE48 /* Project object */ = {
			isa = PBXProject;
			attributes = {
				BuildIndependentTargetsInParallel = 1;
				LastUpgradeCheck = 1640;
			};
			buildConfigurationList = 845DEE122F90E9F4005DFE48 /* Build configuration list for PBXProject "Wedding" */;
			developmentRegion = en;
			hasScannedForEncodings = 0;
			knownRegions = (
				en,
				Base,
			);
			mainGroup = 845DEE0E2F90E9F4005DFE48;
			minimizedProjectReferenceProxies = 1;
			preferredProjectObjectVersion = 77;
			projectDirPath = "";
			projectRoot = "";
			targets = (
			);
		};
/* End PBXProject section */

/* Begin XCBuildConfiguration section */
		845DEE132F90E9F4005DFE48 /* Debug */ = {
			isa = XCBuildConfiguration;
			buildSettings = {
			};
			name = Debug;
		};
		845DEE142F90E9F4005DFE48 /* Release */ = {
			isa = XCBuildConfiguration;
			buildSettings = {
			};
			name = Release;
		};
/* End XCBuildConfiguration section */

/* Begin XCConfigurationList section */
		845DEE122F90E9F4005DFE48 /* Build configuration list for PBXProject "Wedding" */ = {
			isa = XCConfigurationList;
			buildConfigurations = (
				845DEE132F90E9F4005DFE48 /* Debug */,
				845DEE142F90E9F4005DFE48 /* Release */,
			);
			defaultConfigurationIsVisible = 0;
			defaultConfigurationName = Release;
		};
/* End XCConfigurationList section */
	};
	rootObject = 845DEE0F2F90E9F4005DFE48 /* Project object */;
}
